{
  "nodes": {
    "drgn": {
      "flake": false,
      "locked": {
        "lastModified": 1694096687,
        "narHash": "sha256-D7nEVjOlNEZWVK2l7xJ7I1cHqEqyBWDvF3GUGVP1SF8=",
        "owner": "JakeHillion",
        "repo": "drgn",
        "rev": "f54be805ec0e8d63f54f513b5246f47e4ee100c5",
        "type": "github"
      },
      "original": {
        "owner": "JakeHillion",
        "repo": "drgn",
        "rev": "f54be805ec0e8d63f54f513b5246f47e4ee100c5",
        "type": "github"
      }
    },
    "flake-utils": {
      "inputs": {
        "systems": "systems"
      },
      "locked": {
        "lastModified": 1694529238,
        "narHash": "sha256-zsNZZGTGnMOf9YpHKJqMSsa0dXbfmxeoJ7xHlrt+xmY=",
        "owner": "numtide",
        "repo": "flake-utils",
        "rev": "ff7b65b44d01cf9ba6a71320833626af21126384",
        "type": "github"
      },
      "original": {
        "owner": "numtide",
        "repo": "flake-utils",
        "type": "github"
      }
    },
    "folly": {
      "flake": false,
      "locked": {
        "lastModified": 1677193012,
        "narHash": "sha256-ZXLmLF5xaysHv1rP5yEEkSdFskoeTAEPaikA1L1GSN0=",
        "owner": "JakeHillion",
        "repo": "folly",
        "rev": "8db54418e3ccdd97619ac8b69bb3702f82bb0f66",
        "type": "github"
      },
      "original": {
        "owner": "JakeHillion",
        "repo": "folly",
        "rev": "8db54418e3ccdd97619ac8b69bb3702f82bb0f66",
        "type": "github"
      }
    },
    "nixpkgs": {
      "locked": {
        "lastModified": 1700390070,
        "narHash": "sha256-de9KYi8rSJpqvBfNwscWdalIJXPo8NjdIZcEJum1mH0=",
        "owner": "nixos",
        "repo": "nixpkgs",
        "rev": "e4ad989506ec7d71f7302cc3067abd82730a4beb",
        "type": "github"
      },
      "original": {
        "owner": "nixos",
        "ref": "nixos-unstable",
        "repo": "nixpkgs",
        "type": "github"
      }
    },
    "root": {
      "inputs": {
        "drgn": "drgn",
        "flake-utils": "flake-utils",
        "folly": "folly",
        "nixpkgs": "nixpkgs"
      }
    },
    "systems": {
      "locked": {
        "lastModified": 1681028828,
        "narHash": "sha256-Vy1rq5AaRuLzOxct8nz4T6wlgyUR7zLU309k9mBC768=",
        "owner": "nix-systems",
        "repo": "default",
        "rev": "da67096a3b9bf56a91d16901293e51ba5b49a27e",
        "type": "github"
      },
      "original": {
        "owner": "nix-systems",
        "repo": "default",
        "type": "github"
      }
    }
  },
  "root": "root",
  "version": 7
}
